
Microsoft Visual Studio Solution File, Format Version 12.00
# Visual Studio Version 16
VisualStudioVersion = 16.0.31424.327
MinimumVisualStudioVersion = 10.0.40219.1
Project("{FAE04EC0-301F-11D3-BF4B-00C04F79EFBC}") = "webBrowser", "webBrowser\webBrowser.csproj", "{DD649763-8387-49BC-A3E5-51E822A80D3C}"
EndProject
Global
	GlobalSection(SolutionConfigurationPlatforms) = preSolution
		Debug|Any CPU = Debug|Any CPU
		Release|Any CPU = Release|Any CPU
	EndGlobalSection
	GlobalSection(ProjectConfigurationPlatforms) = postSolution
		{DD649763-8387-49BC-A3E5-51E822A80D3C}.Debug|Any CPU.ActiveCfg = Debug|Any CPU
		{DD649763-8387-49BC-A3E5-51E822A80D3C}.Debug|Any CPU.Build.0 = Debug|Any CPU
		{DD649763-8387-49BC-A3E5-51E822A80D3C}.Release|Any CPU.ActiveCfg = Release|Any CPU
		{DD649763-8387-49BC-A3E5-51E822A80D3C}.Release|Any CPU.Build.0 = Release|Any CPU
	EndGlobalSection
	GlobalSection(SolutionProperties) = preSolution
		HideSolutionNode = FALSE
	EndGlobalSection
	GlobalSection(ExtensibilityGlobals) = postSolution
		SolutionGuid = {4D60E87B-6535-4F07-ACA9-B2F1EFCFD199}
	EndGlobalSection
EndGlobal
